// !$*UTF8*$!
{
	archiveVersion = 1;
	classes = {
	};
	objectVersion = 50;
	objects = {

/* Begin PBXBuildFile section */
		86322636258B7820000F0F49 /* main.cpp in Sources */ = {isa = PBXBuildFile; fileRef = 86322635258B7820000F0F49 /* main.cpp */; };
		86322640258B7862000F0F49 /* OpenGL.framework in Frameworks */ = {isa = PBXBuildFile; fileRef = 8632263F258B7862000F0F49 /* OpenGL.framework */; };
		86322642258B7898000F0F49 /* GLUT.framework in Frameworks */ = {isa = PBXBuildFile; fileRef = 86322641258B7898000F0F49 /* GLUT.framework */; };
		863227EB258C50EB000F0F49 /* libGLEW.2.1.0.dylib in Frameworks */ = {isa = PBXBuildFile; fileRef = 863227E7258C50EB000F0F49 /* libGLEW.2.1.0.dylib */; };
		863227EC258C50EB000F0F49 /* libglfw.3.3.dylib in Frameworks */ = {isa = PBXBuildFile; fileRef = 863227E8258C50EB000F0F49 /* libglfw.3.3.dylib */; };
		863227ED258C50EB000F0F49 /* glad.c in Sources */ = {isa = PBXBuildFile; fileRef = 863227EA258C50EB000F0F49 /* glad.c */; };
/* End PBXBuildFile section */

/* Begin PBXCopyFilesBuildPhase section */
		86322630258B7820000F0F49 /* CopyFiles */ = {
			isa = PBXCopyFilesBuildPhase;
			buildActionMask = 2147483647;
			dstPath = /usr/share/man/man1/;
			dstSubfolderSpec = 0;
			files = (
			);
			runOnlyForDeploymentPostprocessing = 1;
		};
/* End PBXCopyFilesBuildPhase section */

/* Begin PBXFileReference section */
		86322632258B7820000F0F49 /* triangle */ = {isa = PBXFileReference; explicitFileType = "compiled.mach-o.executable"; includeInIndex = 0; path = triangle; sourceTree = BUILT_PRODUCTS_DIR; };
		86322635258B7820000F0F49 /* main.cpp */ = {isa = PBXFileReference; lastKnownFileType = sourcecode.cpp.cpp; path = main.cpp; sourceTree = "<group>"; };
		8632263F258B7862000F0F49 /* OpenGL.framework */ = {isa = PBXFileReference; lastKnownFileType = wrapper.framework; name = OpenGL.framework; path = System/Library/Frameworks/OpenGL.framework; sourceTree = SDKROOT; };
		86322641258B7898000F0F49 /* GLUT.framework */ = {isa = PBXFileReference; lastKnownFileType = wrapper.framework; name = GLUT.framework; path = System/Library/Frameworks/GLUT.framework; sourceTree = SDKROOT; };
		863227DB258C50EB000F0F49 /* glfw3.h */ = {isa = PBXFileReference; fileEncoding = 4; lastKnownFileType = sourcecode.c.h; path = glfw3.h; sourceTree = "<group>"; };
		863227DC258C50EB000F0F49 /* glfw3native.h */ = {isa = PBXFileReference; fileEncoding = 4; lastKnownFileType = sourcecode.c.h; path = glfw3native.h; sourceTree = "<group>"; };
		863227DE258C50EB000F0F49 /* khrplatform.h */ = {isa = PBXFileReference; fileEncoding = 4; lastKnownFileType = sourcecode.c.h; path = khrplatform.h; sourceTree = "<group>"; };
		863227E0258C50EB000F0F49 /* glad.h */ = {isa = PBXFileReference; fileEncoding = 4; lastKnownFileType = sourcecode.c.h; path = glad.h; sourceTree = "<group>"; };
		863227E2258C50EB000F0F49 /* glxew.h */ = {isa = PBXFileReference; fileEncoding = 4; lastKnownFileType = sourcecode.c.h; path = glxew.h; sourceTree = "<group>"; };
		863227E3258C50EB000F0F49 /* wglew.h */ = {isa = PBXFileReference; fileEncoding = 4; lastKnownFileType = sourcecode.c.h; path = wglew.h; sourceTree = "<group>"; };
		863227E4258C50EB000F0F49 /* glew.h */ = {isa = PBXFileReference; fileEncoding = 4; lastKnownFileType = sourcecode.c.h; path = glew.h; sourceTree = "<group>"; };
		863227E5258C50EB000F0F49 /* .keepme */ = {isa = PBXFileReference; fileEncoding = 4; lastKnownFileType = text; path = .keepme; sourceTree = "<group>"; };
		863227E7258C50EB000F0F49 /* libGLEW.2.1.0.dylib */ = {isa = PBXFileReference; lastKnownFileType = "compiled.mach-o.dylib"; path = libGLEW.2.1.0.dylib; sourceTree = "<group>"; };
		863227E8258C50EB000F0F49 /* libglfw.3.3.dylib */ = {isa = PBXFileReference; lastKnownFileType = "compiled.mach-o.dylib"; path = libglfw.3.3.dylib; sourceTree = "<group>"; };
		863227E9258C50EB000F0F49 /* .keepme */ = {isa = PBXFileReference; fileEncoding = 4; lastKnownFileType = text; path = .keepme; sourceTree = "<group>"; };
		863227EA258C50EB000F0F49 /* glad.c */ = {isa = PBXFileReference; fileEncoding = 4; lastKnownFileType = sourcecode.c.c; path = glad.c; sourceTree = "<group>"; };
/* End PBXFileReference section */

/* Begin PBXFrameworksBuildPhase section */
		8632262F258B7820000F0F49 /* Frameworks */ = {
			isa = PBXFrameworksBuildPhase;
			buildActionMask = 2147483647;
			files = (
				863227EC258C50EB000F0F49 /* libglfw.3.3.dylib in Frameworks */,
				863227EB258C50EB000F0F49 /* libGLEW.2.1.0.dylib in Frameworks */,
				86322642258B7898000F0F49 /* GLUT.framework in Frameworks */,
				86322640258B7862000F0F49 /* OpenGL.framework in Frameworks */,
			);
			runOnlyForDeploymentPostprocessing = 0;
		};
/* End PBXFrameworksBuildPhase section */

/* Begin PBXGroup section */
		86322629258B7820000F0F49 = {
			isa = PBXGroup;
			children = (
				86322634258B7820000F0F49 /* triangle */,
				86322633258B7820000F0F49 /* Products */,
				8632263E258B7862000F0F49 /* Frameworks */,
			);
			sourceTree = "<group>";
		};
		86322633258B7820000F0F49 /* Products */ = {
			isa = PBXGroup;
			children = (
				86322632258B7820000F0F49 /* triangle */,
			);
			name = Products;
			sourceTree = "<group>";
		};
		86322634258B7820000F0F49 /* triangle */ = {
			isa = PBXGroup;
			children = (
				863227D9258C50EB000F0F49 /* tool */,
				86322635258B7820000F0F49 /* main.cpp */,
			);
			path = triangle;
			sourceTree = "<group>";
		};
		8632263E258B7862000F0F49 /* Frameworks */ = {
			isa = PBXGroup;
			children = (
				86322641258B7898000F0F49 /* GLUT.framework */,
				8632263F258B7862000F0F49 /* OpenGL.framework */,
			);
			name = Frameworks;
			sourceTree = "<group>";
		};
		863227D9258C50EB000F0F49 /* tool */ = {
			isa = PBXGroup;
			children = (
				863227DA258C50EB000F0F49 /* include */,
				863227E6258C50EB000F0F49 /* lib */,
				863227EA258C50EB000F0F49 /* glad.c */,
			);
			path = tool;
			sourceTree = "<group>";
		};
		863227DA258C50EB000F0F49 /* include */ = {
			isa = PBXGroup;
			children = (
				863227DB258C50EB000F0F49 /* glfw3.h */,
				863227DC258C50EB000F0F49 /* glfw3native.h */,
				863227DD258C50EB000F0F49 /* KHR */,
				863227DF258C50EB000F0F49 /* glad */,
				863227E1258C50EB000F0F49 /* GL */,
				863227E5258C50EB000F0F49 /* .keepme */,
			);
			path = include;
			sourceTree = "<group>";
		};
		863227DD258C50EB000F0F49 /* KHR */ = {
			isa = PBXGroup;
			children = (
				863227DE258C50EB000F0F49 /* khrplatform.h */,
			);
			path = KHR;
			sourceTree = "<group>";
		};
		863227DF258C50EB000F0F49 /* glad */ = {
			isa = PBXGroup;
			children = (
				863227E0258C50EB000F0F49 /* glad.h */,
			);
			path = glad;
			sourceTree = "<group>";
		};
		863227E1258C50EB000F0F49 /* GL */ = {
			isa = PBXGroup;
			children = (
				863227E2258C50EB000F0F49 /* glxew.h */,
				863227E3258C50EB000F0F49 /* wglew.h */,
				863227E4258C50EB000F0F49 /* glew.h */,
			);
			path = GL;
			sourceTree = "<group>";
		};
		863227E6258C50EB000F0F49 /* lib */ = {
			isa = PBXGroup;
			children = (
				863227E7258C50EB000F0F49 /* libGLEW.2.1.0.dylib */,
				863227E8258C50EB000F0F49 /* libglfw.3.3.dylib */,
				863227E9258C50EB000F0F49 /* .keepme */,
			);
			path = lib;
			sourceTree = "<group>";
		};
/* End PBXGroup section */

/* Begin PBXNativeTarget section */
		86322631258B7820000F0F49 /* triangle */ = {
			isa = PBXNativeTarget;
			buildConfigurationList = 86322639258B7820000F0F49 /* Build configuration list for PBXNativeTarget "triangle" */;
			buildPhases = (
				8632262E258B7820000F0F49 /* Sources */,
				8632262F258B7820000F0F49 /* Frameworks */,
				86322630258B7820000F0F49 /* CopyFiles */,
			);
			buildRules = (
			);
			dependencies = (
			);
			name = triangle;
			productName = triangle;
			productReference = 86322632258B7820000F0F49 /* triangle */;
			productType = "com.apple.product-type.tool";
		};
/* End PBXNativeTarget section */

/* Begin PBXProject section */
		8632262A258B7820000F0F49 /* Project object */ = {
			isa = PBXProject;
			attributes = {
				LastUpgradeCheck = 1210;
				TargetAttributes = {
					86322631258B7820000F0F49 = {
						CreatedOnToolsVersion = 12.1;
					};
				};
			};
			buildConfigurationList = 8632262D258B7820000F0F49 /* Build configuration list for PBXProject "triangle" */;
			compatibilityVersion = "Xcode 9.3";
			developmentRegion = en;
			hasScannedForEncodings = 0;
			knownRegions = (
				en,
				Base,
			);
			mainGroup = 86322629258B7820000F0F49;
			productRefGroup = 86322633258B7820000F0F49 /* Products */;
			projectDirPath = "";
			projectRoot = "";
			targets = (
				86322631258B7820000F0F49 /* triangle */,
			);
		};
/* End PBXProject section */

/* Begin PBXSourcesBuildPhase section */
		8632262E258B7820000F0F49 /* Sources */ = {
			isa = PBXSourcesBuildPhase;
			buildActionMask = 2147483647;
			files = (
				86322636258B7820000F0F49 /* main.cpp in Sources */,
				863227ED258C50EB000F0F49 /* glad.c in Sources */,
			);
			runOnlyForDeploymentPostprocessing = 0;
		};
/* End PBXSourcesBuildPhase section */

/* Begin XCBuildConfiguration section */
		86322637258B7820000F0F49 /* Debug */ = {
			isa = XCBuildConfiguration;
			buildSettings = {
				ALWAYS_SEARCH_USER_PATHS = NO;
				CLANG_ANALYZER_NONNULL = YES;
				CLANG_ANALYZER_NUMBER_OBJECT_CONVERSION = YES_AGGRESSIVE;
				CLANG_CXX_LANGUAGE_STANDARD = "gnu++14";
				CLANG_CXX_LIBRARY = "libc++";
				CLANG_ENABLE_MODULES = YES;
				CLANG_ENABLE_OBJC_ARC = YES;
				CLANG_ENABLE_OBJC_WEAK = YES;
				CLANG_WARN_BLOCK_CAPTURE_AUTORELEASING = YES;
				CLANG_WARN_BOOL_CONVERSION = YES;
				CLANG_WARN_COMMA = YES;
				CLANG_WARN_CONSTANT_CONVERSION = YES;
				CLANG_WARN_DEPRECATED_OBJC_IMPLEMENTATIONS = YES;
				CLANG_WARN_DIRECT_OBJC_ISA_USAGE = YES_ERROR;
				CLANG_WARN_DOCUMENTATION_COMMENTS = YES;
				CLANG_WARN_EMPTY_BODY = YES;
				CLANG_WARN_ENUM_CONVERSION = YES;
				CLANG_WARN_INFINITE_RECURSION = YES;
				CLANG_WARN_INT_CONVERSION = YES;
				CLANG_WARN_NON_LITERAL_NULL_CONVERSION = YES;
				CLANG_WARN_OBJC_IMPLICIT_RETAIN_SELF = YES;
				CLANG_WARN_OBJC_LITERAL_CONVERSION = YES;
				CLANG_WARN_OBJC_ROOT_CLASS = YES_ERROR;
				CLANG_WARN_QUOTED_INCLUDE_IN_FRAMEWORK_HEADER = YES;
				CLANG_WARN_RANGE_LOOP_ANALYSIS = YES;
				CLANG_WARN_STRICT_PROTOTYPES = YES;
				CLANG_WARN_SUSPICIOUS_MOVE = YES;
				CLANG_WARN_UNGUARDED_AVAILABILITY = YES_AGGRESSIVE;
				CLANG_WARN_UNREACHABLE_CODE = YES;
				CLANG_WARN__DUPLICATE_METHOD_MATCH = YES;
				COPY_PHASE_STRIP = NO;
				DEBUG_INFORMATION_FORMAT = dwarf;
				ENABLE_STRICT_OBJC_MSGSEND = YES;
				ENABLE_TESTABILITY = YES;
				GCC_C_LANGUAGE_STANDARD = gnu11;
				GCC_DYNAMIC_NO_PIC = NO;
				GCC_NO_COMMON_BLOCKS = YES;
				GCC_OPTIMIZATION_LEVEL = 0;
				GCC_PREPROCESSOR_DEFINITIONS = (
					"DEBUG=1",
					"$(inherited)",
				);
				GCC_WARN_64_TO_32_BIT_CONVERSION = YES;
				GCC_WARN_ABOUT_RETURN_TYPE = YES_ERROR;
				GCC_WARN_UNDECLARED_SELECTOR = YES;
				GCC_WARN_UNINITIALIZED_AUTOS = YES_AGGRESSIVE;
				GCC_WARN_UNUSED_FUNCTION = YES;
				GCC_WARN_UNUSED_VARIABLE = YES;
				MACOSX_DEPLOYMENT_TARGET = 10.15;
				MTL_ENABLE_DEBUG_INFO = INCLUDE_SOURCE;
				MTL_FAST_MATH = YES;
				ONLY_ACTIVE_ARCH = YES;
				SDKROOT = macosx;
			};
			name = Debug;
		};
		86322638258B7820000F0F49 /* Release */ = {
			isa = XCBuildConfiguration;
			buildSettings = {
				ALWAYS_SEARCH_USER_PATHS = NO;
				CLANG_ANALYZER_NONNULL = YES;
				CLANG_ANALYZER_NUMBER_OBJECT_CONVERSION = YES_AGGRESSIVE;
				CLANG_CXX_LANGUAGE_STANDARD = "gnu++14";
				CLANG_CXX_LIBRARY = "libc++";
				CLANG_ENABLE_MODULES = YES;
				CLANG_ENABLE_OBJC_ARC = YES;
				CLANG_ENABLE_OBJC_WEAK = YES;
				CLANG_WARN_BLOCK_CAPTURE_AUTORELEASING = YES;
				CLANG_WARN_BOOL_CONVERSION = YES;
				CLANG_WARN_COMMA = YES;
				CLANG_WARN_CONSTANT_CONVERSION = YES;
				CLANG_WARN_DEPRECATED_OBJC_IMPLEMENTATIONS = YES;
				CLANG_WARN_DIRECT_OBJC_ISA_USAGE = YES_ERROR;
				CLANG_WARN_DOCUMENTATION_COMMENTS = YES;
				CLANG_WARN_EMPTY_BODY = YES;
				CLANG_WARN_ENUM_CONVERSION = YES;
				CLANG_WARN_INFINITE_RECURSION = YES;
				CLANG_WARN_INT_CONVERSION = YES;
				CLANG_WARN_NON_LITERAL_NULL_CONVERSION = YES;
				CLANG_WARN_OBJC_IMPLICIT_RETAIN_SELF = YES;
				CLANG_WARN_OBJC_LITERAL_CONVERSION = YES;
				CLANG_WARN_OBJC_ROOT_CLASS = YES_ERROR;
				CLANG_WARN_QUOTED_INCLUDE_IN_FRAMEWORK_HEADER = YES;
				CLANG_WARN_RANGE_LOOP_ANALYSIS = YES;
				CLANG_WARN_STRICT_PROTOTYPES = YES;
				CLANG_WARN_SUSPICIOUS_MOVE = YES;
				CLANG_WARN_UNGUARDED_AVAILABILITY = YES_AGGRESSIVE;
				CLANG_WARN_UNREACHABLE_CODE = YES;
				CLANG_WARN__DUPLICATE_METHOD_MATCH = YES;
				COPY_PHASE_STRIP = NO;
				DEBUG_INFORMATION_FORMAT = "dwarf-with-dsym";
				ENABLE_NS_ASSERTIONS = NO;
				ENABLE_STRICT_OBJC_MSGSEND = YES;
				GCC_C_LANGUAGE_STANDARD = gnu11;
				GCC_NO_COMMON_BLOCKS = YES;
				GCC_WARN_64_TO_32_BIT_CONVERSION = YES;
				GCC_WARN_ABOUT_RETURN_TYPE = YES_ERROR;
				GCC_WARN_UNDECLARED_SELECTOR = YES;
				GCC_WARN_UNINITIALIZED_AUTOS = YES_AGGRESSIVE;
				GCC_WARN_UNUSED_FUNCTION = YES;
				GCC_WARN_UNUSED_VARIABLE = YES;
				MACOSX_DEPLOYMENT_TARGET = 10.15;
				MTL_ENABLE_DEBUG_INFO = NO;
				MTL_FAST_MATH = YES;
				SDKROOT = macosx;
			};
			name = Release;
		};
		8632263A258B7820000F0F49 /* Debug */ = {
			isa = XCBuildConfiguration;
			buildSettings = {
				CODE_SIGN_STYLE = Automatic;
				HEADER_SEARCH_PATHS = "";
				LIBRARY_SEARCH_PATHS = (
					"$(inherited)",
					"$(PROJECT_DIR)/triangle",
					"$(PROJECT_DIR)/tools",
					"$(PROJECT_DIR)/triangle/tool/lib",
				);
				PRODUCT_NAME = "$(TARGET_NAME)";
			};
			name = Debug;
		};
		8632263B258B7820000F0F49 /* Release */ = {
			isa = XCBuildConfiguration;
			buildSettings = {
				CODE_SIGN_STYLE = Automatic;
				HEADER_SEARCH_PATHS = "";
				LIBRARY_SEARCH_PATHS = (
					"$(inherited)",
					"$(PROJECT_DIR)/triangle",
					"$(PROJECT_DIR)/tools",
					"$(PROJECT_DIR)/triangle/tool/lib",
				);
				PRODUCT_NAME = "$(TARGET_NAME)";
			};
			name = Release;
		};
/* End XCBuildConfiguration section */

/* Begin XCConfigurationList section */
		8632262D258B7820000F0F49 /* Build configuration list for PBXProject "triangle" */ = {
			isa = XCConfigurationList;
			buildConfigurations = (
				86322637258B7820000F0F49 /* Debug */,
				86322638258B7820000F0F49 /* Release */,
			);
			defaultConfigurationIsVisible = 0;
			defaultConfigurationName = Release;
		};
		86322639258B7820000F0F49 /* Build configuration list for PBXNativeTarget "triangle" */ = {
			isa = XCConfigurationList;
			buildConfigurations = (
				8632263A258B7820000F0F49 /* Debug */,
				8632263B258B7820000F0F49 /* Release */,
			);
			defaultConfigurationIsVisible = 0;
			defaultConfigurationName = Release;
		};
/* End XCConfigurationList section */
	};
	rootObject = 8632262A258B7820000F0F49 /* Project object */;
}
